
Microsoft Visual Studio Solution File, Format Version 12.00
# Visual Studio Version 17
VisualStudioVersion = 17.14.36616.10 d17.14
MinimumVisualStudioVersion = 10.0.40219.1
Project("{FAE04EC0-301F-11D3-BF4B-00C04F79EFBC}") = "TestMemorizer", "TestMemorizer.csproj", "{5C185F17-7F40-4DD8-B4BE-52836D0EF5FE}"
EndProject
Global
	GlobalSection(SolutionConfigurationPlatforms) = preSolution
		Debug|Any CPU = Debug|Any CPU
		Release|Any CPU = Release|Any CPU
	EndGlobalSection
	GlobalSection(ProjectConfigurationPlatforms) = postSolution
		{5C185F17-7F40-4DD8-B4BE-52836D0EF5FE}.Debug|Any CPU.ActiveCfg = Debug|Any CPU
		{5C185F17-7F40-4DD8-B4BE-52836D0EF5FE}.Debug|Any CPU.Build.0 = Debug|Any CPU
		{5C185F17-7F40-4DD8-B4BE-52836D0EF5FE}.Release|Any CPU.ActiveCfg = Release|Any CPU
		{5C185F17-7F40-4DD8-B4BE-52836D0EF5FE}.Release|Any CPU.Build.0 = Release|Any CPU
	EndGlobalSection
	GlobalSection(SolutionProperties) = preSolution
		HideSolutionNode = FALSE
	EndGlobalSection
	GlobalSection(ExtensibilityGlobals) = postSolution
		SolutionGuid = {09CC1161-F09C-42FC-9518-8CD2362E4FF9}
	EndGlobalSection
EndGlobal
